
Microsoft Visual Studio Solution File, Format Version 12.00
# Visual Studio 14
VisualStudioVersion = 14.0.25420.1
MinimumVisualStudioVersion = 10.0.40219.1
Project("{D954291E-2A0B-460D-934E-DC6B0785DB48}") = "Cross_test", "Cross test\Cross_test\Cross_test.shproj", "{6B871AB6-84DB-4ACA-B410-ABD208DDF737}"
EndProject
Project("{FAE04EC0-301F-11D3-BF4B-00C04F79EFBC}") = "Cross_test.Droid", "Cross test\Cross_test.Droid\Cross_test.Droid.csproj", "{73DDC3CB-D1DF-4A45-B1A6-3C6B7E73E11D}"
EndProject
Project("{FAE04EC0-301F-11D3-BF4B-00C04F79EFBC}") = "Cross_test.iOS", "Cross test\Cross_test.iOS\Cross_test.iOS.csproj", "{1D45E686-CF6E-4BA9-AA89-474818784554}"
EndProject
Project("{FAE04EC0-301F-11D3-BF4B-00C04F79EFBC}") = "Cross_test.WinPhone", "Cross test\Cross_test.WinPhone\Cross_test.WinPhone.csproj", "{7CF3C7B6-BCBE-4D21-8C5A-2376BFE1404E}"
EndProject
Project("{FAE04EC0-301F-11D3-BF4B-00C04F79EFBC}") = "Cross_test.Windows", "Cross test\Cross_test.Windows\Cross_test.Windows.csproj", "{BF90F610-AD9D-41D5-85AA-7B1889957046}"
EndProject
Global
	GlobalSection(SharedMSBuildProjectFiles) = preSolution
		Cross test\Cross_test\Cross_test.projitems*{1d45e686-cf6e-4ba9-aa89-474818784554}*SharedItemsImports = 4
		Cross test\Cross_test\Cross_test.projitems*{6b871ab6-84db-4aca-b410-abd208ddf737}*SharedItemsImports = 13
		Cross test\Cross_test\Cross_test.projitems*{73ddc3cb-d1df-4a45-b1a6-3c6b7e73e11d}*SharedItemsImports = 4
		Cross test\Cross_test\Cross_test.projitems*{7cf3c7b6-bcbe-4d21-8c5a-2376bfe1404e}*SharedItemsImports = 4
		Cross test\Cross_test\Cross_test.projitems*{bf90f610-ad9d-41d5-85aa-7b1889957046}*SharedItemsImports = 4
	EndGlobalSection
	GlobalSection(SolutionConfigurationPlatforms) = preSolution
		Ad-Hoc|Any CPU = Ad-Hoc|Any CPU
		Ad-Hoc|ARM = Ad-Hoc|ARM
		Ad-Hoc|iPhone = Ad-Hoc|iPhone
		Ad-Hoc|iPhoneSimulator = Ad-Hoc|iPhoneSimulator
		Ad-Hoc|x64 = Ad-Hoc|x64
		Ad-Hoc|x86 = Ad-Hoc|x86
		AppStore|Any CPU = AppStore|Any CPU
		AppStore|ARM = AppStore|ARM
		AppStore|iPhone = AppStore|iPhone
		AppStore|iPhoneSimulator = AppStore|iPhoneSimulator
		AppStore|x64 = AppStore|x64
		AppStore|x86 = AppStore|x86
		Debug|Any CPU = Debug|Any CPU
		Debug|ARM = Debug|ARM
		Debug|iPhone = Debug|iPhone
		Debug|iPhoneSimulator = Debug|iPhoneSimulator
		Debug|x64 = Debug|x64
		Debug|x86 = Debug|x86
		Release|Any CPU = Release|Any CPU
		Release|ARM = Release|ARM
		Release|iPhone = Release|iPhone
		Release|iPhoneSimulator = Release|iPhoneSimulator
		Release|x64 = Release|x64
		Release|x86 = Release|x86
	EndGlobalSection
	GlobalSection(ProjectConfigurationPlatforms) = postSolution
		{73DDC3CB-D1DF-4A45-B1A6-3C6B7E73E11D}.Ad-Hoc|Any CPU.ActiveCfg = Release|Any CPU
		{73DDC3CB-D1DF-4A45-B1A6-3C6B7E73E11D}.Ad-Hoc|Any CPU.Build.0 = Release|Any CPU
		{73DDC3CB-D1DF-4A45-B1A6-3C6B7E73E11D}.Ad-Hoc|Any CPU.Deploy.0 = Release|Any CPU
		{73DDC3CB-D1DF-4A45-B1A6-3C6B7E73E11D}.Ad-Hoc|ARM.ActiveCfg = Release|Any CPU
		{73DDC3CB-D1DF-4A45-B1A6-3C6B7E73E11D}.Ad-Hoc|ARM.Build.0 = Release|Any CPU
		{73DDC3CB-D1DF-4A45-B1A6-3C6B7E73E11D}.Ad-Hoc|ARM.Deploy.0 = Release|Any CPU
		{73DDC3CB-D1DF-4A45-B1A6-3C6B7E73E11D}.Ad-Hoc|iPhone.ActiveCfg = Release|Any CPU
		{73DDC3CB-D1DF-4A45-B1A6-3C6B7E73E11D}.Ad-Hoc|iPhone.Build.0 = Release|Any CPU
		{73DDC3CB-D1DF-4A45-B1A6-3C6B7E73E11D}.Ad-Hoc|iPhone.Deploy.0 = Release|Any CPU
		{73DDC3CB-D1DF-4A45-B1A6-3C6B7E73E11D}.Ad-Hoc|iPhoneSimulator.ActiveCfg = Release|Any CPU
		{73DDC3CB-D1DF-4A45-B1A6-3C6B7E73E11D}.Ad-Hoc|iPhoneSimulator.Build.0 = Release|Any CPU
		{73DDC3CB-D1DF-4A45-B1A6-3C6B7E73E11D}.Ad-Hoc|iPhoneSimulator.Deploy.0 = Release|Any CPU
		{73DDC3CB-D1DF-4A45-B1A6-3C6B7E73E11D}.Ad-Hoc|x64.ActiveCfg = Release|Any CPU
		{73DDC3CB-D1DF-4A45-B1A6-3C6B7E73E11D}.Ad-Hoc|x64.Build.0 = Release|Any CPU
		{73DDC3CB-D1DF-4A45-B1A6-3C6B7E73E11D}.Ad-Hoc|x64.Deploy.0 = Release|Any CPU
		{73DDC3CB-D1DF-4A45-B1A6-3C6B7E73E11D}.Ad-Hoc|x86.ActiveCfg = Release|Any CPU
		{73DDC3CB-D1DF-4A45-B1A6-3C6B7E73E11D}.Ad-Hoc|x86.Build.0 = Release|Any CPU
		{73DDC3CB-D1DF-4A45-B1A6-3C6B7E73E11D}.Ad-Hoc|x86.Deploy.0 = Release|Any CPU
		{73DDC3CB-D1DF-4A45-B1A6-3C6B7E73E11D}.AppStore|Any CPU.ActiveCfg = Release|Any CPU
		{73DDC3CB-D1DF-4A45-B1A6-3C6B7E73E11D}.AppStore|Any CPU.Build.0 = Release|Any CPU
		{73DDC3CB-D1DF-4A45-B1A6-3C6B7E73E11D}.AppStore|Any CPU.Deploy.0 = Release|Any CPU
		{73DDC3CB-D1DF-4A45-B1A6-3C6B7E73E11D}.AppStore|ARM.ActiveCfg = Release|Any CPU
		{73DDC3CB-D1DF-4A45-B1A6-3C6B7E73E11D}.AppStore|ARM.Build.0 = Release|Any CPU
		{73DDC3CB-D1DF-4A45-B1A6-3C6B7E73E11D}.AppStore|ARM.Deploy.0 = Release|Any CPU
		{73DDC3CB-D1DF-4A45-B1A6-3C6B7E73E11D}.AppStore|iPhone.ActiveCfg = Release|Any CPU
		{73DDC3CB-D1DF-4A45-B1A6-3C6B7E73E11D}.AppStore|iPhone.Build.0 = Release|Any CPU
		{73DDC3CB-D1DF-4A45-B1A6-3C6B7E73E11D}.AppStore|iPhone.Deploy.0 = Release|Any CPU
		{73DDC3CB-D1DF-4A45-B1A6-3C6B7E73E11D}.AppStore|iPhoneSimulator.ActiveCfg = Release|Any CPU
		{73DDC3CB-D1DF-4A45-B1A6-3C6B7E73E11D}.AppStore|iPhoneSimulator.Build.0 = Release|Any CPU
		{73DDC3CB-D1DF-4A45-B1A6-3C6B7E73E11D}.AppStore|iPhoneSimulator.Deploy.0 = Release|Any CPU
		{73DDC3CB-D1DF-4A45-B1A6-3C6B7E73E11D}.AppStore|x64.ActiveCfg = Release|Any CPU
		{73DDC3CB-D1DF-4A45-B1A6-3C6B7E73E11D}.AppStore|x64.Build.0 = Release|Any CPU
		{73DDC3CB-D1DF-4A45-B1A6-3C6B7E73E11D}.AppStore|x64.Deploy.0 = Release|Any CPU
		{73DDC3CB-D1DF-4A45-B1A6-3C6B7E73E11D}.AppStore|x86.ActiveCfg = Release|Any CPU
		{73DDC3CB-D1DF-4A45-B1A6-3C6B7E73E11D}.AppStore|x86.Build.0 = Release|Any CPU
		{73DDC3CB-D1DF-4A45-B1A6-3C6B7E73E11D}.AppStore|x86.Deploy.0 = Release|Any CPU
		{73DDC3CB-D1DF-4A45-B1A6-3C6B7E73E11D}.Debug|Any CPU.ActiveCfg = Debug|Any CPU
		{73DDC3CB-D1DF-4A45-B1A6-3C6B7E73E11D}.Debug|Any CPU.Build.0 = Debug|Any CPU
		{73DDC3CB-D1DF-4A45-B1A6-3C6B7E73E11D}.Debug|Any CPU.Deploy.0 = Debug|Any CPU
		{73DDC3CB-D1DF-4A45-B1A6-3C6B7E73E11D}.Debug|ARM.ActiveCfg = Debug|Any CPU
		{73DDC3CB-D1DF-4A45-B1A6-3C6B7E73E11D}.Debug|ARM.Build.0 = Debug|Any CPU
		{73DDC3CB-D1DF-4A45-B1A6-3C6B7E73E11D}.Debug|ARM.Deploy.0 = Debug|Any CPU
		{73DDC3CB-D1DF-4A45-B1A6-3C6B7E73E11D}.Debug|iPhone.ActiveCfg = Debug|Any CPU
		{73DDC3CB-D1DF-4A45-B1A6-3C6B7E73E11D}.Debug|iPhone.Build.0 = Debug|Any CPU
		{73DDC3CB-D1DF-4A45-B1A6-3C6B7E73E11D}.Debug|iPhone.Deploy.0 = Debug|Any CPU
		{73DDC3CB-D1DF-4A45-B1A6-3C6B7E73E11D}.Debug|iPhoneSimulator.ActiveCfg = Debug|Any CPU
		{73DDC3CB-D1DF-4A45-B1A6-3C6B7E73E11D}.Debug|iPhoneSimulator.Build.0 = Debug|Any CPU
		{73DDC3CB-D1DF-4A45-B1A6-3C6B7E73E11D}.Debug|iPhoneSimulator.Deploy.0 = Debug|Any CPU
		{73DDC3CB-D1DF-4A45-B1A6-3C6B7E73E11D}.Debug|x64.ActiveCfg = Debug|Any CPU
		{73DDC3CB-D1DF-4A45-B1A6-3C6B7E73E11D}.Debug|x64.Build.0 = Debug|Any CPU
		{73DDC3CB-D1DF-4A45-B1A6-3C6B7E73E11D}.Debug|x64.Deploy.0 = Debug|Any CPU
		{73DDC3CB-D1DF-4A45-B1A6-3C6B7E73E11D}.Debug|x86.ActiveCfg = Debug|Any CPU
		{73DDC3CB-D1DF-4A45-B1A6-3C6B7E73E11D}.Debug|x86.Build.0 = Debug|Any CPU
		{73DDC3CB-D1DF-4A45-B1A6-3C6B7E73E11D}.Debug|x86.Deploy.0 = Debug|Any CPU
		{73DDC3CB-D1DF-4A45-B1A6-3C6B7E73E11D}.Release|Any CPU.ActiveCfg = Release|Any CPU
		{73DDC3CB-D1DF-4A45-B1A6-3C6B7E73E11D}.Release|Any CPU.Build.0 = Release|Any CPU
		{73DDC3CB-D1DF-4A45-B1A6-3C6B7E73E11D}.Release|Any CPU.Deploy.0 = Release|Any CPU
		{73DDC3CB-D1DF-4A45-B1A6-3C6B7E73E11D}.Release|ARM.ActiveCfg = Release|Any CPU
		{73DDC3CB-D1DF-4A45-B1A6-3C6B7E73E11D}.Release|ARM.Build.0 = Release|Any CPU
		{73DDC3CB-D1DF-4A45-B1A6-3C6B7E73E11D}.Release|ARM.Deploy.0 = Release|Any CPU
		{73DDC3CB-D1DF-4A45-B1A6-3C6B7E73E11D}.Release|iPhone.ActiveCfg = Release|Any CPU
		{73DDC3CB-D1DF-4A45-B1A6-3C6B7E73E11D}.Release|iPhone.Build.0 = Release|Any CPU
		{73DDC3CB-D1DF-4A45-B1A6-3C6B7E73E11D}.Release|iPhone.Deploy.0 = Release|Any CPU
		{73DDC3CB-D1DF-4A45-B1A6-3C6B7E73E11D}.Release|iPhoneSimulator.ActiveCfg = Release|Any CPU
		{73DDC3CB-D1DF-4A45-B1A6-3C6B7E73E11D}.Release|iPhoneSimulator.Build.0 = Release|Any CPU
		{73DDC3CB-D1DF-4A45-B1A6-3C6B7E73E11D}.Release|iPhoneSimulator.Deploy.0 = Release|Any CPU
		{73DDC3CB-D1DF-4A45-B1A6-3C6B7E73E11D}.Release|x64.ActiveCfg = Release|Any CPU
		{73DDC3CB-D1DF-4A45-B1A6-3C6B7E73E11D}.Release|x64.Build.0 = Release|Any CPU
		{73DDC3CB-D1DF-4A45-B1A6-3C6B7E73E11D}.Release|x64.Deploy.0 = Release|Any CPU
		{73DDC3CB-D1DF-4A45-B1A6-3C6B7E73E11D}.Release|x86.ActiveCfg = Release|Any CPU
		{73DDC3CB-D1DF-4A45-B1A6-3C6B7E73E11D}.Release|x86.Build.0 = Release|Any CPU
		{73DDC3CB-D1DF-4A45-B1A6-3C6B7E73E11D}.Release|x86.Deploy.0 = Release|Any CPU
		{1D45E686-CF6E-4BA9-AA89-474818784554}.Ad-Hoc|Any CPU.ActiveCfg = Ad-Hoc|iPhone
		{1D45E686-CF6E-4BA9-AA89-474818784554}.Ad-Hoc|ARM.ActiveCfg = Ad-Hoc|iPhone
		{1D45E686-CF6E-4BA9-AA89-474818784554}.Ad-Hoc|iPhone.ActiveCfg = Ad-Hoc|iPhone
		{1D45E686-CF6E-4BA9-AA89-474818784554}.Ad-Hoc|iPhone.Build.0 = Ad-Hoc|iPhone
		{1D45E686-CF6E-4BA9-AA89-474818784554}.Ad-Hoc|iPhoneSimulator.ActiveCfg = Ad-Hoc|iPhoneSimulator
		{1D45E686-CF6E-4BA9-AA89-474818784554}.Ad-Hoc|iPhoneSimulator.Build.0 = Ad-Hoc|iPhoneSimulator
		{1D45E686-CF6E-4BA9-AA89-474818784554}.Ad-Hoc|x64.ActiveCfg = Ad-Hoc|iPhone
		{1D45E686-CF6E-4BA9-AA89-474818784554}.Ad-Hoc|x86.ActiveCfg = Ad-Hoc|iPhone
		{1D45E686-CF6E-4BA9-AA89-474818784554}.AppStore|Any CPU.ActiveCfg = AppStore|iPhone
		{1D45E686-CF6E-4BA9-AA89-474818784554}.AppStore|ARM.ActiveCfg = AppStore|iPhone
		{1D45E686-CF6E-4BA9-AA89-474818784554}.AppStore|iPhone.ActiveCfg = AppStore|iPhone
		{1D45E686-CF6E-4BA9-AA89-474818784554}.AppStore|iPhone.Build.0 = AppStore|iPhone
		{1D45E686-CF6E-4BA9-AA89-474818784554}.AppStore|iPhoneSimulator.ActiveCfg = AppStore|iPhoneSimulator
		{1D45E686-CF6E-4BA9-AA89-474818784554}.AppStore|iPhoneSimulator.Build.0 = AppStore|iPhoneSimulator
		{1D45E686-CF6E-4BA9-AA89-474818784554}.AppStore|x64.ActiveCfg = AppStore|iPhone
		{1D45E686-CF6E-4BA9-AA89-474818784554}.AppStore|x86.ActiveCfg = AppStore|iPhone
		{1D45E686-CF6E-4BA9-AA89-474818784554}.Debug|Any CPU.ActiveCfg = Debug|iPhone
		{1D45E686-CF6E-4BA9-AA89-474818784554}.Debug|ARM.ActiveCfg = Debug|iPhone
		{1D45E686-CF6E-4BA9-AA89-474818784554}.Debug|iPhone.ActiveCfg = Debug|iPhone
		{1D45E686-CF6E-4BA9-AA89-474818784554}.Debug|iPhone.Build.0 = Debug|iPhone
		{1D45E686-CF6E-4BA9-AA89-474818784554}.Debug|iPhoneSimulator.ActiveCfg = Debug|iPhoneSimulator
		{1D45E686-CF6E-4BA9-AA89-474818784554}.Debug|iPhoneSimulator.Build.0 = Debug|iPhoneSimulator
		{1D45E686-CF6E-4BA9-AA89-474818784554}.Debug|x64.ActiveCfg = Debug|iPhone
		{1D45E686-CF6E-4BA9-AA89-474818784554}.Debug|x86.ActiveCfg = Debug|iPhone
		{1D45E686-CF6E-4BA9-AA89-474818784554}.Release|Any CPU.ActiveCfg = Release|iPhone
		{1D45E686-CF6E-4BA9-AA89-474818784554}.Release|ARM.ActiveCfg = Release|iPhone
		{1D45E686-CF6E-4BA9-AA89-474818784554}.Release|iPhone.ActiveCfg = Release|iPhone
		{1D45E686-CF6E-4BA9-AA89-474818784554}.Release|iPhone.Build.0 = Release|iPhone
		{1D45E686-CF6E-4BA9-AA89-474818784554}.Release|iPhoneSimulator.ActiveCfg = Release|iPhoneSimulator
		{1D45E686-CF6E-4BA9-AA89-474818784554}.Release|iPhoneSimulator.Build.0 = Release|iPhoneSimulator
		{1D45E686-CF6E-4BA9-AA89-474818784554}.Release|x64.ActiveCfg = Release|iPhone
		{1D45E686-CF6E-4BA9-AA89-474818784554}.Release|x86.ActiveCfg = Release|iPhone
		{7CF3C7B6-BCBE-4D21-8C5A-2376BFE1404E}.Ad-Hoc|Any CPU.ActiveCfg = Release|Any CPU
		{7CF3C7B6-BCBE-4D21-8C5A-2376BFE1404E}.Ad-Hoc|Any CPU.Build.0 = Release|Any CPU
		{7CF3C7B6-BCBE-4D21-8C5A-2376BFE1404E}.Ad-Hoc|Any CPU.Deploy.0 = Release|Any CPU
		{7CF3C7B6-BCBE-4D21-8C5A-2376BFE1404E}.Ad-Hoc|ARM.ActiveCfg = Release|ARM
		{7CF3C7B6-BCBE-4D21-8C5A-2376BFE1404E}.Ad-Hoc|ARM.Build.0 = Release|ARM
		{7CF3C7B6-BCBE-4D21-8C5A-2376BFE1404E}.Ad-Hoc|ARM.Deploy.0 = Release|ARM
		{7CF3C7B6-BCBE-4D21-8C5A-2376BFE1404E}.Ad-Hoc|iPhone.ActiveCfg = Release|Any CPU
		{7CF3C7B6-BCBE-4D21-8C5A-2376BFE1404E}.Ad-Hoc|iPhone.Build.0 = Release|Any CPU
		{7CF3C7B6-BCBE-4D21-8C5A-2376BFE1404E}.Ad-Hoc|iPhone.Deploy.0 = Release|Any CPU
		{7CF3C7B6-BCBE-4D21-8C5A-2376BFE1404E}.Ad-Hoc|iPhoneSimulator.ActiveCfg = Release|Any CPU
		{7CF3C7B6-BCBE-4D21-8C5A-2376BFE1404E}.Ad-Hoc|iPhoneSimulator.Build.0 = Release|Any CPU
		{7CF3C7B6-BCBE-4D21-8C5A-2376BFE1404E}.Ad-Hoc|iPhoneSimulator.Deploy.0 = Release|Any CPU
		{7CF3C7B6-BCBE-4D21-8C5A-2376BFE1404E}.Ad-Hoc|x64.ActiveCfg = Release|Any CPU
		{7CF3C7B6-BCBE-4D21-8C5A-2376BFE1404E}.Ad-Hoc|x64.Build.0 = Release|Any CPU
		{7CF3C7B6-BCBE-4D21-8C5A-2376BFE1404E}.Ad-Hoc|x64.Deploy.0 = Release|Any CPU
		{7CF3C7B6-BCBE-4D21-8C5A-2376BFE1404E}.Ad-Hoc|x86.ActiveCfg = Release|x86
		{7CF3C7B6-BCBE-4D21-8C5A-2376BFE1404E}.Ad-Hoc|x86.Build.0 = Release|x86
		{7CF3C7B6-BCBE-4D21-8C5A-2376BFE1404E}.Ad-Hoc|x86.Deploy.0 = Release|x86
		{7CF3C7B6-BCBE-4D21-8C5A-2376BFE1404E}.AppStore|Any CPU.ActiveCfg = Release|Any CPU
		{7CF3C7B6-BCBE-4D21-8C5A-2376BFE1404E}.AppStore|Any CPU.Build.0 = Release|Any CPU
		{7CF3C7B6-BCBE-4D21-8C5A-2376BFE1404E}.AppStore|Any CPU.Deploy.0 = Release|Any CPU
		{7CF3C7B6-BCBE-4D21-8C5A-2376BFE1404E}.AppStore|ARM.ActiveCfg = Release|ARM
		{7CF3C7B6-BCBE-4D21-8C5A-2376BFE1404E}.AppStore|ARM.Build.0 = Release|ARM
		{7CF3C7B6-BCBE-4D21-8C5A-2376BFE1404E}.AppStore|ARM.Deploy.0 = Release|ARM
		{7CF3C7B6-BCBE-4D21-8C5A-2376BFE1404E}.AppStore|iPhone.ActiveCfg = Release|Any CPU
		{7CF3C7B6-BCBE-4D21-8C5A-2376BFE1404E}.AppStore|iPhone.Build.0 = Release|Any CPU
		{7CF3C7B6-BCBE-4D21-8C5A-2376BFE1404E}.AppStore|iPhone.Deploy.0 = Release|Any CPU
		{7CF3C7B6-BCBE-4D21-8C5A-2376BFE1404E}.AppStore|iPhoneSimulator.ActiveCfg = Release|Any CPU
		{7CF3C7B6-BCBE-4D21-8C5A-2376BFE1404E}.AppStore|iPhoneSimulator.Build.0 = Release|Any CPU
		{7CF3C7B6-BCBE-4D21-8C5A-2376BFE1404E}.AppStore|iPhoneSimulator.Deploy.0 = Release|Any CPU
		{7CF3C7B6-BCBE-4D21-8C5A-2376BFE1404E}.AppStore|x64.ActiveCfg = Release|Any CPU
		{7CF3C7B6-BCBE-4D21-8C5A-2376BFE1404E}.AppStore|x64.Build.0 = Release|Any CPU
		{7CF3C7B6-BCBE-4D21-8C5A-2376BFE1404E}.AppStore|x64.Deploy.0 = Release|Any CPU
		{7CF3C7B6-BCBE-4D21-8C5A-2376BFE1404E}.AppStore|x86.ActiveCfg = Release|x86
		{7CF3C7B6-BCBE-4D21-8C5A-2376BFE1404E}.AppStore|x86.Build.0 = Release|x86
		{7CF3C7B6-BCBE-4D21-8C5A-2376BFE1404E}.AppStore|x86.Deploy.0 = Release|x86
		{7CF3C7B6-BCBE-4D21-8C5A-2376BFE1404E}.Debug|Any CPU.ActiveCfg = Debug|Any CPU
		{7CF3C7B6-BCBE-4D21-8C5A-2376BFE1404E}.Debug|Any CPU.Build.0 = Debug|Any CPU
		{7CF3C7B6-BCBE-4D21-8C5A-2376BFE1404E}.Debug|Any CPU.Deploy.0 = Debug|Any CPU
		{7CF3C7B6-BCBE-4D21-8C5A-2376BFE1404E}.Debug|ARM.ActiveCfg = Debug|ARM
		{7CF3C7B6-BCBE-4D21-8C5A-2376BFE1404E}.Debug|ARM.Build.0 = Debug|ARM
		{7CF3C7B6-BCBE-4D21-8C5A-2376BFE1404E}.Debug|ARM.Deploy.0 = Debug|ARM
		{7CF3C7B6-BCBE-4D21-8C5A-2376BFE1404E}.Debug|iPhone.ActiveCfg = Debug|Any CPU
		{7CF3C7B6-BCBE-4D21-8C5A-2376BFE1404E}.Debug|iPhone.Build.0 = Debug|Any CPU
		{7CF3C7B6-BCBE-4D21-8C5A-2376BFE1404E}.Debug|iPhone.Deploy.0 = Debug|Any CPU
		{7CF3C7B6-BCBE-4D21-8C5A-2376BFE1404E}.Debug|iPhoneSimulator.ActiveCfg = Debug|Any CPU
		{7CF3C7B6-BCBE-4D21-8C5A-2376BFE1404E}.Debug|iPhoneSimulator.Build.0 = Debug|Any CPU
		{7CF3C7B6-BCBE-4D21-8C5A-2376BFE1404E}.Debug|iPhoneSimulator.Deploy.0 = Debug|Any CPU
		{7CF3C7B6-BCBE-4D21-8C5A-2376BFE1404E}.Debug|x64.ActiveCfg = Debug|Any CPU
		{7CF3C7B6-BCBE-4D21-8C5A-2376BFE1404E}.Debug|x64.Build.0 = Debug|Any CPU
		{7CF3C7B6-BCBE-4D21-8C5A-2376BFE1404E}.Debug|x64.Deploy.0 = Debug|Any CPU
		{7CF3C7B6-BCBE-4D21-8C5A-2376BFE1404E}.Debug|x86.ActiveCfg = Debug|x86
		{7CF3C7B6-BCBE-4D21-8C5A-2376BFE1404E}.Debug|x86.Build.0 = Debug|x86
		{7CF3C7B6-BCBE-4D21-8C5A-2376BFE1404E}.Debug|x86.Deploy.0 = Debug|x86
		{7CF3C7B6-BCBE-4D21-8C5A-2376BFE1404E}.Release|Any CPU.ActiveCfg = Release|Any CPU
		{7CF3C7B6-BCBE-4D21-8C5A-2376BFE1404E}.Release|Any CPU.Build.0 = Release|Any CPU
		{7CF3C7B6-BCBE-4D21-8C5A-2376BFE1404E}.Release|Any CPU.Deploy.0 = Release|Any CPU
		{7CF3C7B6-BCBE-4D21-8C5A-2376BFE1404E}.Release|ARM.ActiveCfg = Release|ARM
		{7CF3C7B6-BCBE-4D21-8C5A-2376BFE1404E}.Release|ARM.Build.0 = Release|ARM
		{7CF3C7B6-BCBE-4D21-8C5A-2376BFE1404E}.Release|ARM.Deploy.0 = Release|ARM
		{7CF3C7B6-BCBE-4D21-8C5A-2376BFE1404E}.Release|iPhone.ActiveCfg = Release|Any CPU
		{7CF3C7B6-BCBE-4D21-8C5A-2376BFE1404E}.Release|iPhone.Build.0 = Release|Any CPU
		{7CF3C7B6-BCBE-4D21-8C5A-2376BFE1404E}.Release|iPhone.Deploy.0 = Release|Any CPU
		{7CF3C7B6-BCBE-4D21-8C5A-2376BFE1404E}.Release|iPhoneSimulator.ActiveCfg = Release|Any CPU
		{7CF3C7B6-BCBE-4D21-8C5A-2376BFE1404E}.Release|iPhoneSimulator.Build.0 = Release|Any CPU
		{7CF3C7B6-BCBE-4D21-8C5A-2376BFE1404E}.Release|iPhoneSimulator.Deploy.0 = Release|Any CPU
		{7CF3C7B6-BCBE-4D21-8C5A-2376BFE1404E}.Release|x64.ActiveCfg = Release|Any CPU
		{7CF3C7B6-BCBE-4D21-8C5A-2376BFE1404E}.Release|x64.Build.0 = Release|Any CPU
		{7CF3C7B6-BCBE-4D21-8C5A-2376BFE1404E}.Release|x64.Deploy.0 = Release|Any CPU
		{7CF3C7B6-BCBE-4D21-8C5A-2376BFE1404E}.Release|x86.ActiveCfg = Release|x86
		{7CF3C7B6-BCBE-4D21-8C5A-2376BFE1404E}.Release|x86.Build.0 = Release|x86
		{7CF3C7B6-BCBE-4D21-8C5A-2376BFE1404E}.Release|x86.Deploy.0 = Release|x86
		{BF90F610-AD9D-41D5-85AA-7B1889957046}.Ad-Hoc|Any CPU.ActiveCfg = Release|Any CPU
		{BF90F610-AD9D-41D5-85AA-7B1889957046}.Ad-Hoc|Any CPU.Build.0 = Release|Any CPU
		{BF90F610-AD9D-41D5-85AA-7B1889957046}.Ad-Hoc|Any CPU.Deploy.0 = Release|Any CPU
		{BF90F610-AD9D-41D5-85AA-7B1889957046}.Ad-Hoc|ARM.ActiveCfg = Release|ARM
		{BF90F610-AD9D-41D5-85AA-7B1889957046}.Ad-Hoc|ARM.Build.0 = Release|ARM
		{BF90F610-AD9D-41D5-85AA-7B1889957046}.Ad-Hoc|ARM.Deploy.0 = Release|ARM
		{BF90F610-AD9D-41D5-85AA-7B1889957046}.Ad-Hoc|iPhone.ActiveCfg = Release|Any CPU
		{BF90F610-AD9D-41D5-85AA-7B1889957046}.Ad-Hoc|iPhone.Build.0 = Release|Any CPU
		{BF90F610-AD9D-41D5-85AA-7B1889957046}.Ad-Hoc|iPhone.Deploy.0 = Release|Any CPU
		{BF90F610-AD9D-41D5-85AA-7B1889957046}.Ad-Hoc|iPhoneSimulator.ActiveCfg = Release|Any CPU
		{BF90F610-AD9D-41D5-85AA-7B1889957046}.Ad-Hoc|iPhoneSimulator.Build.0 = Release|Any CPU
		{BF90F610-AD9D-41D5-85AA-7B1889957046}.Ad-Hoc|iPhoneSimulator.Deploy.0 = Release|Any CPU
		{BF90F610-AD9D-41D5-85AA-7B1889957046}.Ad-Hoc|x64.ActiveCfg = Release|x64
		{BF90F610-AD9D-41D5-85AA-7B1889957046}.Ad-Hoc|x64.Build.0 = Release|x64
		{BF90F610-AD9D-41D5-85AA-7B1889957046}.Ad-Hoc|x64.Deploy.0 = Release|x64
		{BF90F610-AD9D-41D5-85AA-7B1889957046}.Ad-Hoc|x86.ActiveCfg = Release|x86
		{BF90F610-AD9D-41D5-85AA-7B1889957046}.Ad-Hoc|x86.Build.0 = Release|x86
		{BF90F610-AD9D-41D5-85AA-7B1889957046}.Ad-Hoc|x86.Deploy.0 = Release|x86
		{BF90F610-AD9D-41D5-85AA-7B1889957046}.AppStore|Any CPU.ActiveCfg = Release|Any CPU
		{BF90F610-AD9D-41D5-85AA-7B1889957046}.AppStore|Any CPU.Build.0 = Release|Any CPU
		{BF90F610-AD9D-41D5-85AA-7B1889957046}.AppStore|Any CPU.Deploy.0 = Release|Any CPU
		{BF90F610-AD9D-41D5-85AA-7B1889957046}.AppStore|ARM.ActiveCfg = Release|ARM
		{BF90F610-AD9D-41D5-85AA-7B1889957046}.AppStore|ARM.Build.0 = Release|ARM
		{BF90F610-AD9D-41D5-85AA-7B1889957046}.AppStore|ARM.Deploy.0 = Release|ARM
		{BF90F610-AD9D-41D5-85AA-7B1889957046}.AppStore|iPhone.ActiveCfg = Release|Any CPU
		{BF90F610-AD9D-41D5-85AA-7B1889957046}.AppStore|iPhone.Build.0 = Release|Any CPU
		{BF90F610-AD9D-41D5-85AA-7B1889957046}.AppStore|iPhone.Deploy.0 = Release|Any CPU
		{BF90F610-AD9D-41D5-85AA-7B1889957046}.AppStore|iPhoneSimulator.ActiveCfg = Release|Any CPU
		{BF90F610-AD9D-41D5-85AA-7B1889957046}.AppStore|iPhoneSimulator.Build.0 = Release|Any CPU
		{BF90F610-AD9D-41D5-85AA-7B1889957046}.AppStore|iPhoneSimulator.Deploy.0 = Release|Any CPU
		{BF90F610-AD9D-41D5-85AA-7B1889957046}.AppStore|x64.ActiveCfg = Release|x64
		{BF90F610-AD9D-41D5-85AA-7B1889957046}.AppStore|x64.Build.0 = Release|x64
		{BF90F610-AD9D-41D5-85AA-7B1889957046}.AppStore|x64.Deploy.0 = Release|x64
		{BF90F610-AD9D-41D5-85AA-7B1889957046}.AppStore|x86.ActiveCfg = Release|x86
		{BF90F610-AD9D-41D5-85AA-7B1889957046}.AppStore|x86.Build.0 = Release|x86
		{BF90F610-AD9D-41D5-85AA-7B1889957046}.AppStore|x86.Deploy.0 = Release|x86
		{BF90F610-AD9D-41D5-85AA-7B1889957046}.Debug|Any CPU.ActiveCfg = Debug|Any CPU
		{BF90F610-AD9D-41D5-85AA-7B1889957046}.Debug|Any CPU.Build.0 = Debug|Any CPU
		{BF90F610-AD9D-41D5-85AA-7B1889957046}.Debug|Any CPU.Deploy.0 = Debug|Any CPU
		{BF90F610-AD9D-41D5-85AA-7B1889957046}.Debug|ARM.ActiveCfg = Debug|ARM
		{BF90F610-AD9D-41D5-85AA-7B1889957046}.Debug|ARM.Build.0 = Debug|ARM
		{BF90F610-AD9D-41D5-85AA-7B1889957046}.Debug|ARM.Deploy.0 = Debug|ARM
		{BF90F610-AD9D-41D5-85AA-7B1889957046}.Debug|iPhone.ActiveCfg = Debug|Any CPU
		{BF90F610-AD9D-41D5-85AA-7B1889957046}.Debug|iPhone.Build.0 = Debug|Any CPU
		{BF90F610-AD9D-41D5-85AA-7B1889957046}.Debug|iPhone.Deploy.0 = Debug|Any CPU
		{BF90F610-AD9D-41D5-85AA-7B1889957046}.Debug|iPhoneSimulator.ActiveCfg = Debug|Any CPU
		{BF90F610-AD9D-41D5-85AA-7B1889957046}.Debug|iPhoneSimulator.Build.0 = Debug|Any CPU
		{BF90F610-AD9D-41D5-85AA-7B1889957046}.Debug|iPhoneSimulator.Deploy.0 = Debug|Any CPU
		{BF90F610-AD9D-41D5-85AA-7B1889957046}.Debug|x64.ActiveCfg = Debug|x64
		{BF90F610-AD9D-41D5-85AA-7B1889957046}.Debug|x64.Build.0 = Debug|x64
		{BF90F610-AD9D-41D5-85AA-7B1889957046}.Debug|x64.Deploy.0 = Debug|x64
		{BF90F610-AD9D-41D5-85AA-7B1889957046}.Debug|x86.ActiveCfg = Debug|x86
		{BF90F610-AD9D-41D5-85AA-7B1889957046}.Debug|x86.Build.0 = Debug|x86
		{BF90F610-AD9D-41D5-85AA-7B1889957046}.Debug|x86.Deploy.0 = Debug|x86
		{BF90F610-AD9D-41D5-85AA-7B1889957046}.Release|Any CPU.ActiveCfg = Release|Any CPU
		{BF90F610-AD9D-41D5-85AA-7B1889957046}.Release|Any CPU.Build.0 = Release|Any CPU
		{BF90F610-AD9D-41D5-85AA-7B1889957046}.Release|Any CPU.Deploy.0 = Release|Any CPU
		{BF90F610-AD9D-41D5-85AA-7B1889957046}.Release|ARM.ActiveCfg = Release|ARM
		{BF90F610-AD9D-41D5-85AA-7B1889957046}.Release|ARM.Build.0 = Release|ARM
		{BF90F610-AD9D-41D5-85AA-7B1889957046}.Release|ARM.Deploy.0 = Release|ARM
		{BF90F610-AD9D-41D5-85AA-7B1889957046}.Release|iPhone.ActiveCfg = Release|Any CPU
		{BF90F610-AD9D-41D5-85AA-7B1889957046}.Release|iPhone.Build.0 = Release|Any CPU
		{BF90F610-AD9D-41D5-85AA-7B1889957046}.Release|iPhone.Deploy.0 = Release|Any CPU
		{BF90F610-AD9D-41D5-85AA-7B1889957046}.Release|iPhoneSimulator.ActiveCfg = Release|Any CPU
		{BF90F610-AD9D-41D5-85AA-7B1889957046}.Release|iPhoneSimulator.Build.0 = Release|Any CPU
		{BF90F610-AD9D-41D5-85AA-7B1889957046}.Release|iPhoneSimulator.Deploy.0 = Release|Any CPU
		{BF90F610-AD9D-41D5-85AA-7B1889957046}.Release|x64.ActiveCfg = Release|x64
		{BF90F610-AD9D-41D5-85AA-7B1889957046}.Release|x64.Build.0 = Release|x64
		{BF90F610-AD9D-41D5-85AA-7B1889957046}.Release|x64.Deploy.0 = Release|x64
		{BF90F610-AD9D-41D5-85AA-7B1889957046}.Release|x86.ActiveCfg = Release|x86
		{BF90F610-AD9D-41D5-85AA-7B1889957046}.Release|x86.Build.0 = Release|x86
		{BF90F610-AD9D-41D5-85AA-7B1889957046}.Release|x86.Deploy.0 = Release|x86
	EndGlobalSection
	GlobalSection(SolutionProperties) = preSolution
		HideSolutionNode = FALSE
	EndGlobalSection
EndGlobal
